
Microsoft Visual Studio Solution File, Format Version 12.00
# Visual Studio 15
VisualStudioVersion = 15.0.26430.13
MinimumVisualStudioVersion = 10.0.40219.1
Project("{FAE04EC0-301F-11D3-BF4B-00C04F79EFBC}") = "OctaneTFSPlugin", "OctaneTFSPlugin\OctaneTFSPlugin.csproj", "{DFFD273E-73EC-436D-8FD5-2786114A9762}"
EndProject
Project("{FAE04EC0-301F-11D3-BF4B-00C04F79EFBC}") = "OctaneManager", "OctaneManager\OctaneManager.csproj", "{9D6FDA4F-F77B-44DB-9895-8B020690EF12}"
EndProject
Project("{FAE04EC0-301F-11D3-BF4B-00C04F79EFBC}") = "TfsConsolePluginRunner", "TfsConsolePluginRunner\TfsConsolePluginRunner.csproj", "{298597DA-2C68-418E-90D8-F73782AB10EC}"
EndProject
Project("{FAE04EC0-301F-11D3-BF4B-00C04F79EFBC}") = "OctaneTFSPluginConfiguratorUI", "OctaneTFSPluginConfiguratorUI\OctaneTFSPluginConfiguratorUI.csproj", "{5FB160C2-49BA-4360-8AA7-C42575E0C905}"
EndProject
Project("{54435603-DBB4-11D2-8724-00A0C9A8B90C}") = "OctaneTfsPluginSetup", "OctaneTfsPluginSetup\OctaneTfsPluginSetup.vdproj", "{02BB5775-2BE0-414D-85ED-A7584C8CB379}"
EndProject
Global
	GlobalSection(SolutionConfigurationPlatforms) = preSolution
		Debug|Any CPU = Debug|Any CPU
		Debug|x64 = Debug|x64
		Debug|x86 = Debug|x86
		Package2015|Any CPU = Package2015|Any CPU
		Package2015|x64 = Package2015|x64
		Package2015|x86 = Package2015|x86
		Package2017|Any CPU = Package2017|Any CPU
		Package2017|x64 = Package2017|x64
		Package2017|x86 = Package2017|x86
		Package2018|Any CPU = Package2018|Any CPU
		Package2018|x64 = Package2018|x64
		Package2018|x86 = Package2018|x86
		Release|Any CPU = Release|Any CPU
		Release|x64 = Release|x64
		Release|x86 = Release|x86
	EndGlobalSection
	GlobalSection(ProjectConfigurationPlatforms) = postSolution
		{DFFD273E-73EC-436D-8FD5-2786114A9762}.Debug|Any CPU.ActiveCfg = Debug|Any CPU
		{DFFD273E-73EC-436D-8FD5-2786114A9762}.Debug|Any CPU.Build.0 = Debug|Any CPU
		{DFFD273E-73EC-436D-8FD5-2786114A9762}.Debug|x64.ActiveCfg = Debug|Any CPU
		{DFFD273E-73EC-436D-8FD5-2786114A9762}.Debug|x64.Build.0 = Debug|Any CPU
		{DFFD273E-73EC-436D-8FD5-2786114A9762}.Debug|x86.ActiveCfg = Debug|Any CPU
		{DFFD273E-73EC-436D-8FD5-2786114A9762}.Debug|x86.Build.0 = Debug|Any CPU
		{DFFD273E-73EC-436D-8FD5-2786114A9762}.Package2015|Any CPU.ActiveCfg = Package2015|Any CPU
		{DFFD273E-73EC-436D-8FD5-2786114A9762}.Package2015|Any CPU.Build.0 = Package2015|Any CPU
		{DFFD273E-73EC-436D-8FD5-2786114A9762}.Package2015|x64.ActiveCfg = Package2015|Any CPU
		{DFFD273E-73EC-436D-8FD5-2786114A9762}.Package2015|x64.Build.0 = Package2015|Any CPU
		{DFFD273E-73EC-436D-8FD5-2786114A9762}.Package2015|x86.ActiveCfg = Package2015|Any CPU
		{DFFD273E-73EC-436D-8FD5-2786114A9762}.Package2015|x86.Build.0 = Package2015|Any CPU
		{DFFD273E-73EC-436D-8FD5-2786114A9762}.Package2017|Any CPU.ActiveCfg = Package2017|Any CPU
		{DFFD273E-73EC-436D-8FD5-2786114A9762}.Package2017|Any CPU.Build.0 = Package2017|Any CPU
		{DFFD273E-73EC-436D-8FD5-2786114A9762}.Package2017|x64.ActiveCfg = Package2017|Any CPU
		{DFFD273E-73EC-436D-8FD5-2786114A9762}.Package2017|x64.Build.0 = Package2017|Any CPU
		{DFFD273E-73EC-436D-8FD5-2786114A9762}.Package2017|x86.ActiveCfg = Package2017|Any CPU
		{DFFD273E-73EC-436D-8FD5-2786114A9762}.Package2017|x86.Build.0 = Package2017|Any CPU
		{DFFD273E-73EC-436D-8FD5-2786114A9762}.Package2018|Any CPU.ActiveCfg = Package2018|Any CPU
		{DFFD273E-73EC-436D-8FD5-2786114A9762}.Package2018|Any CPU.Build.0 = Package2018|Any CPU
		{DFFD273E-73EC-436D-8FD5-2786114A9762}.Package2018|x64.ActiveCfg = Package2018|Any CPU
		{DFFD273E-73EC-436D-8FD5-2786114A9762}.Package2018|x64.Build.0 = Package2018|Any CPU
		{DFFD273E-73EC-436D-8FD5-2786114A9762}.Package2018|x86.ActiveCfg = Package2018|Any CPU
		{DFFD273E-73EC-436D-8FD5-2786114A9762}.Package2018|x86.Build.0 = Package2018|Any CPU
		{DFFD273E-73EC-436D-8FD5-2786114A9762}.Release|Any CPU.ActiveCfg = Release|Any CPU
		{DFFD273E-73EC-436D-8FD5-2786114A9762}.Release|Any CPU.Build.0 = Release|Any CPU
		{DFFD273E-73EC-436D-8FD5-2786114A9762}.Release|x64.ActiveCfg = Release|Any CPU
		{DFFD273E-73EC-436D-8FD5-2786114A9762}.Release|x64.Build.0 = Release|Any CPU
		{DFFD273E-73EC-436D-8FD5-2786114A9762}.Release|x86.ActiveCfg = Release|Any CPU
		{DFFD273E-73EC-436D-8FD5-2786114A9762}.Release|x86.Build.0 = Release|Any CPU
		{9D6FDA4F-F77B-44DB-9895-8B020690EF12}.Debug|Any CPU.ActiveCfg = Debug|Any CPU
		{9D6FDA4F-F77B-44DB-9895-8B020690EF12}.Debug|Any CPU.Build.0 = Debug|Any CPU
		{9D6FDA4F-F77B-44DB-9895-8B020690EF12}.Debug|x64.ActiveCfg = Debug|Any CPU
		{9D6FDA4F-F77B-44DB-9895-8B020690EF12}.Debug|x64.Build.0 = Debug|Any CPU
		{9D6FDA4F-F77B-44DB-9895-8B020690EF12}.Debug|x86.ActiveCfg = Debug|Any CPU
		{9D6FDA4F-F77B-44DB-9895-8B020690EF12}.Debug|x86.Build.0 = Debug|Any CPU
		{9D6FDA4F-F77B-44DB-9895-8B020690EF12}.Package2015|Any CPU.ActiveCfg = Package2015|Any CPU
		{9D6FDA4F-F77B-44DB-9895-8B020690EF12}.Package2015|Any CPU.Build.0 = Package2015|Any CPU
		{9D6FDA4F-F77B-44DB-9895-8B020690EF12}.Package2015|x64.ActiveCfg = Package2015|Any CPU
		{9D6FDA4F-F77B-44DB-9895-8B020690EF12}.Package2015|x64.Build.0 = Package2015|Any CPU
		{9D6FDA4F-F77B-44DB-9895-8B020690EF12}.Package2015|x86.ActiveCfg = Package2015|Any CPU
		{9D6FDA4F-F77B-44DB-9895-8B020690EF12}.Package2015|x86.Build.0 = Package2015|Any CPU
		{9D6FDA4F-F77B-44DB-9895-8B020690EF12}.Package2017|Any CPU.ActiveCfg = Package2017|Any CPU
		{9D6FDA4F-F77B-44DB-9895-8B020690EF12}.Package2017|Any CPU.Build.0 = Package2017|Any CPU
		{9D6FDA4F-F77B-44DB-9895-8B020690EF12}.Package2017|x64.ActiveCfg = Package2017|Any CPU
		{9D6FDA4F-F77B-44DB-9895-8B020690EF12}.Package2017|x64.Build.0 = Package2017|Any CPU
		{9D6FDA4F-F77B-44DB-9895-8B020690EF12}.Package2017|x86.ActiveCfg = Package2017|Any CPU
		{9D6FDA4F-F77B-44DB-9895-8B020690EF12}.Package2017|x86.Build.0 = Package2017|Any CPU
		{9D6FDA4F-F77B-44DB-9895-8B020690EF12}.Package2018|Any CPU.ActiveCfg = Package2018|Any CPU
		{9D6FDA4F-F77B-44DB-9895-8B020690EF12}.Package2018|Any CPU.Build.0 = Package2018|Any CPU
		{9D6FDA4F-F77B-44DB-9895-8B020690EF12}.Package2018|x64.ActiveCfg = Package2018|Any CPU
		{9D6FDA4F-F77B-44DB-9895-8B020690EF12}.Package2018|x64.Build.0 = Package2018|Any CPU
		{9D6FDA4F-F77B-44DB-9895-8B020690EF12}.Package2018|x86.ActiveCfg = Package2018|Any CPU
		{9D6FDA4F-F77B-44DB-9895-8B020690EF12}.Package2018|x86.Build.0 = Package2018|Any CPU
		{9D6FDA4F-F77B-44DB-9895-8B020690EF12}.Release|Any CPU.ActiveCfg = Release|Any CPU
		{9D6FDA4F-F77B-44DB-9895-8B020690EF12}.Release|Any CPU.Build.0 = Release|Any CPU
		{9D6FDA4F-F77B-44DB-9895-8B020690EF12}.Release|x64.ActiveCfg = Release|Any CPU
		{9D6FDA4F-F77B-44DB-9895-8B020690EF12}.Release|x64.Build.0 = Release|Any CPU
		{9D6FDA4F-F77B-44DB-9895-8B020690EF12}.Release|x86.ActiveCfg = Release|Any CPU
		{9D6FDA4F-F77B-44DB-9895-8B020690EF12}.Release|x86.Build.0 = Release|Any CPU
		{298597DA-2C68-418E-90D8-F73782AB10EC}.Debug|Any CPU.ActiveCfg = Debug|Any CPU
		{298597DA-2C68-418E-90D8-F73782AB10EC}.Debug|Any CPU.Build.0 = Debug|Any CPU
		{298597DA-2C68-418E-90D8-F73782AB10EC}.Debug|x64.ActiveCfg = Debug|Any CPU
		{298597DA-2C68-418E-90D8-F73782AB10EC}.Debug|x64.Build.0 = Debug|Any CPU
		{298597DA-2C68-418E-90D8-F73782AB10EC}.Debug|x86.ActiveCfg = Debug|Any CPU
		{298597DA-2C68-418E-90D8-F73782AB10EC}.Debug|x86.Build.0 = Debug|Any CPU
		{298597DA-2C68-418E-90D8-F73782AB10EC}.Package2015|Any CPU.ActiveCfg = Package2015|Any CPU
		{298597DA-2C68-418E-90D8-F73782AB10EC}.Package2015|Any CPU.Build.0 = Package2015|Any CPU
		{298597DA-2C68-418E-90D8-F73782AB10EC}.Package2015|x64.ActiveCfg = Package2015|Any CPU
		{298597DA-2C68-418E-90D8-F73782AB10EC}.Package2015|x64.Build.0 = Package2015|Any CPU
		{298597DA-2C68-418E-90D8-F73782AB10EC}.Package2015|x86.ActiveCfg = Package2015|Any CPU
		{298597DA-2C68-418E-90D8-F73782AB10EC}.Package2015|x86.Build.0 = Package2015|Any CPU
		{298597DA-2C68-418E-90D8-F73782AB10EC}.Package2017|Any CPU.ActiveCfg = Package2017|Any CPU
		{298597DA-2C68-418E-90D8-F73782AB10EC}.Package2017|Any CPU.Build.0 = Package2017|Any CPU
		{298597DA-2C68-418E-90D8-F73782AB10EC}.Package2017|x64.ActiveCfg = Package2017|Any CPU
		{298597DA-2C68-418E-90D8-F73782AB10EC}.Package2017|x64.Build.0 = Package2017|Any CPU
		{298597DA-2C68-418E-90D8-F73782AB10EC}.Package2017|x86.ActiveCfg = Package2017|Any CPU
		{298597DA-2C68-418E-90D8-F73782AB10EC}.Package2017|x86.Build.0 = Package2017|Any CPU
		{298597DA-2C68-418E-90D8-F73782AB10EC}.Package2018|Any CPU.ActiveCfg = Package2018|Any CPU
		{298597DA-2C68-418E-90D8-F73782AB10EC}.Package2018|Any CPU.Build.0 = Package2018|Any CPU
		{298597DA-2C68-418E-90D8-F73782AB10EC}.Package2018|x64.ActiveCfg = Package2018|Any CPU
		{298597DA-2C68-418E-90D8-F73782AB10EC}.Package2018|x64.Build.0 = Package2018|Any CPU
		{298597DA-2C68-418E-90D8-F73782AB10EC}.Package2018|x86.ActiveCfg = Package2018|Any CPU
		{298597DA-2C68-418E-90D8-F73782AB10EC}.Package2018|x86.Build.0 = Package2018|Any CPU
		{298597DA-2C68-418E-90D8-F73782AB10EC}.Release|Any CPU.ActiveCfg = Release|Any CPU
		{298597DA-2C68-418E-90D8-F73782AB10EC}.Release|Any CPU.Build.0 = Release|Any CPU
		{298597DA-2C68-418E-90D8-F73782AB10EC}.Release|x64.ActiveCfg = Release|Any CPU
		{298597DA-2C68-418E-90D8-F73782AB10EC}.Release|x64.Build.0 = Release|Any CPU
		{298597DA-2C68-418E-90D8-F73782AB10EC}.Release|x86.ActiveCfg = Release|Any CPU
		{298597DA-2C68-418E-90D8-F73782AB10EC}.Release|x86.Build.0 = Release|Any CPU
		{5FB160C2-49BA-4360-8AA7-C42575E0C905}.Debug|Any CPU.ActiveCfg = Debug|Any CPU
		{5FB160C2-49BA-4360-8AA7-C42575E0C905}.Debug|Any CPU.Build.0 = Debug|Any CPU
		{5FB160C2-49BA-4360-8AA7-C42575E0C905}.Debug|x64.ActiveCfg = Debug|Any CPU
		{5FB160C2-49BA-4360-8AA7-C42575E0C905}.Debug|x64.Build.0 = Debug|Any CPU
		{5FB160C2-49BA-4360-8AA7-C42575E0C905}.Debug|x86.ActiveCfg = Debug|Any CPU
		{5FB160C2-49BA-4360-8AA7-C42575E0C905}.Debug|x86.Build.0 = Debug|Any CPU
		{5FB160C2-49BA-4360-8AA7-C42575E0C905}.Package2015|Any CPU.ActiveCfg = Package2015|Any CPU
		{5FB160C2-49BA-4360-8AA7-C42575E0C905}.Package2015|Any CPU.Build.0 = Package2015|Any CPU
		{5FB160C2-49BA-4360-8AA7-C42575E0C905}.Package2015|x64.ActiveCfg = Package2015|Any CPU
		{5FB160C2-49BA-4360-8AA7-C42575E0C905}.Package2015|x64.Build.0 = Package2015|Any CPU
		{5FB160C2-49BA-4360-8AA7-C42575E0C905}.Package2015|x86.ActiveCfg = Package2015|Any CPU
		{5FB160C2-49BA-4360-8AA7-C42575E0C905}.Package2015|x86.Build.0 = Package2015|Any CPU
		{5FB160C2-49BA-4360-8AA7-C42575E0C905}.Package2017|Any CPU.ActiveCfg = Package2017|Any CPU
		{5FB160C2-49BA-4360-8AA7-C42575E0C905}.Package2017|Any CPU.Build.0 = Package2017|Any CPU
		{5FB160C2-49BA-4360-8AA7-C42575E0C905}.Package2017|x64.ActiveCfg = Package2017|Any CPU
		{5FB160C2-49BA-4360-8AA7-C42575E0C905}.Package2017|x64.Build.0 = Package2017|Any CPU
		{5FB160C2-49BA-4360-8AA7-C42575E0C905}.Package2017|x86.ActiveCfg = Package2017|Any CPU
		{5FB160C2-49BA-4360-8AA7-C42575E0C905}.Package2017|x86.Build.0 = Package2017|Any CPU
		{5FB160C2-49BA-4360-8AA7-C42575E0C905}.Package2018|Any CPU.ActiveCfg = Package2018|Any CPU
		{5FB160C2-49BA-4360-8AA7-C42575E0C905}.Package2018|Any CPU.Build.0 = Package2018|Any CPU
		{5FB160C2-49BA-4360-8AA7-C42575E0C905}.Package2018|x64.ActiveCfg = Package2018|Any CPU
		{5FB160C2-49BA-4360-8AA7-C42575E0C905}.Package2018|x64.Build.0 = Package2018|Any CPU
		{5FB160C2-49BA-4360-8AA7-C42575E0C905}.Package2018|x86.ActiveCfg = Package2018|Any CPU
		{5FB160C2-49BA-4360-8AA7-C42575E0C905}.Package2018|x86.Build.0 = Package2018|Any CPU
		{5FB160C2-49BA-4360-8AA7-C42575E0C905}.Release|Any CPU.ActiveCfg = Release|Any CPU
		{5FB160C2-49BA-4360-8AA7-C42575E0C905}.Release|Any CPU.Build.0 = Release|Any CPU
		{5FB160C2-49BA-4360-8AA7-C42575E0C905}.Release|x64.ActiveCfg = Release|Any CPU
		{5FB160C2-49BA-4360-8AA7-C42575E0C905}.Release|x64.Build.0 = Release|Any CPU
		{5FB160C2-49BA-4360-8AA7-C42575E0C905}.Release|x86.ActiveCfg = Release|Any CPU
		{5FB160C2-49BA-4360-8AA7-C42575E0C905}.Release|x86.Build.0 = Release|Any CPU
		{02BB5775-2BE0-414D-85ED-A7584C8CB379}.Debug|Any CPU.ActiveCfg = Package2017
		{02BB5775-2BE0-414D-85ED-A7584C8CB379}.Debug|x64.ActiveCfg = Package2017
		{02BB5775-2BE0-414D-85ED-A7584C8CB379}.Debug|x64.Build.0 = Package2017
		{02BB5775-2BE0-414D-85ED-A7584C8CB379}.Debug|x86.ActiveCfg = Package2017
		{02BB5775-2BE0-414D-85ED-A7584C8CB379}.Debug|x86.Build.0 = Package2017
		{02BB5775-2BE0-414D-85ED-A7584C8CB379}.Package2015|Any CPU.ActiveCfg = Package2015
		{02BB5775-2BE0-414D-85ED-A7584C8CB379}.Package2015|Any CPU.Build.0 = Package2015
		{02BB5775-2BE0-414D-85ED-A7584C8CB379}.Package2015|x64.ActiveCfg = Package2015
		{02BB5775-2BE0-414D-85ED-A7584C8CB379}.Package2015|x64.Build.0 = Package2015
		{02BB5775-2BE0-414D-85ED-A7584C8CB379}.Package2015|x86.ActiveCfg = Package2015
		{02BB5775-2BE0-414D-85ED-A7584C8CB379}.Package2015|x86.Build.0 = Package2015
		{02BB5775-2BE0-414D-85ED-A7584C8CB379}.Package2017|Any CPU.ActiveCfg = Package2017
		{02BB5775-2BE0-414D-85ED-A7584C8CB379}.Package2017|Any CPU.Build.0 = Package2017
		{02BB5775-2BE0-414D-85ED-A7584C8CB379}.Package2017|x64.ActiveCfg = Package2017
		{02BB5775-2BE0-414D-85ED-A7584C8CB379}.Package2017|x64.Build.0 = Package2017
		{02BB5775-2BE0-414D-85ED-A7584C8CB379}.Package2017|x86.ActiveCfg = Package2017
		{02BB5775-2BE0-414D-85ED-A7584C8CB379}.Package2017|x86.Build.0 = Package2017
		{02BB5775-2BE0-414D-85ED-A7584C8CB379}.Package2018|Any CPU.ActiveCfg = Package2018
		{02BB5775-2BE0-414D-85ED-A7584C8CB379}.Package2018|Any CPU.Build.0 = Package2018
		{02BB5775-2BE0-414D-85ED-A7584C8CB379}.Package2018|x64.ActiveCfg = Package2018
		{02BB5775-2BE0-414D-85ED-A7584C8CB379}.Package2018|x64.Build.0 = Package2018
		{02BB5775-2BE0-414D-85ED-A7584C8CB379}.Package2018|x86.ActiveCfg = Package2018
		{02BB5775-2BE0-414D-85ED-A7584C8CB379}.Package2018|x86.Build.0 = Package2018
		{02BB5775-2BE0-414D-85ED-A7584C8CB379}.Release|Any CPU.ActiveCfg = Package2017
		{02BB5775-2BE0-414D-85ED-A7584C8CB379}.Release|x64.ActiveCfg = Package2017
		{02BB5775-2BE0-414D-85ED-A7584C8CB379}.Release|x64.Build.0 = Package2017
		{02BB5775-2BE0-414D-85ED-A7584C8CB379}.Release|x86.ActiveCfg = Package2017
		{02BB5775-2BE0-414D-85ED-A7584C8CB379}.Release|x86.Build.0 = Package2017
	EndGlobalSection
	GlobalSection(SolutionProperties) = preSolution
		HideSolutionNode = FALSE
	EndGlobalSection
	GlobalSection(ExtensibilityGlobals) = postSolution
		SolutionGuid = {0A3069E6-8734-4645-83B0-08B118D0EA8C}
	EndGlobalSection
EndGlobal
